dependencies:
- name: hello
  repository: https://heinigai.github.io/testing-helm/
  version: 3.0.3
- name: nginx
  repository: https://heinigai.github.io/testing-helm/
  version: 3.0.3
digest: sha256:94bfbae6d04b144ddcd33ff09292d4bb8fa79c775e276636d07a16b7dc65d0f8
generated: "2020-02-23T15:47:30.697922+08:00"
